
Microsoft Visual Studio Solution File, Format Version 12.00
# Visual Studio Version 17
VisualStudioVersion = 17.5.002.0
MinimumVisualStudioVersion = 10.0.40219.1
Project("{9A19103F-16F7-4668-BE54-9A1E7A4F7556}") = "MarioApp", "MarioApp\MarioApp.csproj", "{63CAFFC9-35DF-473D-B56C-42A247351452}"
EndProject
Global
	GlobalSection(SolutionConfigurationPlatforms) = preSolution
		Debug|Any CPU = Debug|Any CPU
		Release|Any CPU = Release|Any CPU
	EndGlobalSection
	GlobalSection(ProjectConfigurationPlatforms) = postSolution
		{63CAFFC9-35DF-473D-B56C-42A247351452}.Debug|Any CPU.ActiveCfg = Debug|Any CPU
		{63CAFFC9-35DF-473D-B56C-42A247351452}.Debug|Any CPU.Build.0 = Debug|Any CPU
		{63CAFFC9-35DF-473D-B56C-42A247351452}.Release|Any CPU.ActiveCfg = Release|Any CPU
		{63CAFFC9-35DF-473D-B56C-42A247351452}.Release|Any CPU.Build.0 = Release|Any CPU
	EndGlobalSection
	GlobalSection(SolutionProperties) = preSolution
		HideSolutionNode = FALSE
	EndGlobalSection
	GlobalSection(ExtensibilityGlobals) = postSolution
		SolutionGuid = {E3E92F01-1374-476B-8C35-22114A9352D0}
	EndGlobalSection
EndGlobal
